// !$*UTF8*$!
{
	archiveVersion = 1;
	classes = {
	};
	objectVersion = 51;
	objects = {

/* Begin PBXBuildFile section */
		935C795026720B5200005E6E /* Extensions.swift in Sources */ = {isa = PBXBuildFile; fileRef = 935C794F26720B5200005E6E /* Extensions.swift */; };
		937A6EBD2670C5AE0015E5EE /* AppDelegate.swift in Sources */ = {isa = PBXBuildFile; fileRef = 937A6EBC2670C5AE0015E5EE /* AppDelegate.swift */; };
		937A6EBF2670C5AE0015E5EE /* SceneDelegate.swift in Sources */ = {isa = PBXBuildFile; fileRef = 937A6EBE2670C5AE0015E5EE /* SceneDelegate.swift */; };
		937A6EC12670C5AE0015E5EE /* ConversationsViewController.swift in Sources */ = {isa = PBXBuildFile; fileRef = 937A6EC02670C5AE0015E5EE /* ConversationsViewController.swift */; };
		937A6EC42670C5AE0015E5EE /* Main.storyboard in Resources */ = {isa = PBXBuildFile; fileRef = 937A6EC22670C5AE0015E5EE /* Main.storyboard */; };
		937A6EC62670C5B10015E5EE /* Assets.xcassets in Resources */ = {isa = PBXBuildFile; fileRef = 937A6EC52670C5B10015E5EE /* Assets.xcassets */; };
		937A6EC92670C5B10015E5EE /* LaunchScreen.storyboard in Resources */ = {isa = PBXBuildFile; fileRef = 937A6EC72670C5B10015E5EE /* LaunchScreen.storyboard */; };
		937A6ED82670C9220015E5EE /* LoginViewController.swift in Sources */ = {isa = PBXBuildFile; fileRef = 937A6ED72670C9220015E5EE /* LoginViewController.swift */; };
		937A6EDA2670C9340015E5EE /* RegisterViewController.swift in Sources */ = {isa = PBXBuildFile; fileRef = 937A6ED92670C9340015E5EE /* RegisterViewController.swift */; };
		937A6EDC2670C9540015E5EE /* PhotoViewerViewController.swift in Sources */ = {isa = PBXBuildFile; fileRef = 937A6EDB2670C9540015E5EE /* PhotoViewerViewController.swift */; };
		937A6EDE2670C9640015E5EE /* VideoPlayerViewController.swift in Sources */ = {isa = PBXBuildFile; fileRef = 937A6EDD2670C9640015E5EE /* VideoPlayerViewController.swift */; };
		937A6EE02670C97F0015E5EE /* NewConversationViewController.swift in Sources */ = {isa = PBXBuildFile; fileRef = 937A6EDF2670C97F0015E5EE /* NewConversationViewController.swift */; };
		937A6EE22670C9900015E5EE /* ProfileViewController.swift in Sources */ = {isa = PBXBuildFile; fileRef = 937A6EE12670C9900015E5EE /* ProfileViewController.swift */; };
		93C3CAA7267321DB000D9258 /* GoogleService-Info.plist in Resources */ = {isa = PBXBuildFile; fileRef = 93C3CAA6267321DB000D9258 /* GoogleService-Info.plist */; };
		93C3CAA926734781000D9258 /* DatabaseManager.swift in Sources */ = {isa = PBXBuildFile; fileRef = 93C3CAA826734781000D9258 /* DatabaseManager.swift */; };
		CBCF0DB96FAF89CDD758A6E2 /* Pods_Messenger.framework in Frameworks */ = {isa = PBXBuildFile; fileRef = 9ECA4AFD0C523D92E3CA4233 /* Pods_Messenger.framework */; };
/* End PBXBuildFile section */

/* Begin PBXFileReference section */
		89D657E052B956469330743C /* Pods-Messenger.debug.xcconfig */ = {isa = PBXFileReference; includeInIndex = 1; lastKnownFileType = text.xcconfig; name = "Pods-Messenger.debug.xcconfig"; path = "Target Support Files/Pods-Messenger/Pods-Messenger.debug.xcconfig"; sourceTree = "<group>"; };
		935C794F26720B5200005E6E /* Extensions.swift */ = {isa = PBXFileReference; lastKnownFileType = sourcecode.swift; path = Extensions.swift; sourceTree = "<group>"; };
		937A6EB92670C5AE0015E5EE /* Messenger.app */ = {isa = PBXFileReference; explicitFileType = wrapper.application; includeInIndex = 0; path = Messenger.app; sourceTree = BUILT_PRODUCTS_DIR; };
		937A6EBC2670C5AE0015E5EE /* AppDelegate.swift */ = {isa = PBXFileReference; lastKnownFileType = sourcecode.swift; path = AppDelegate.swift; sourceTree = "<group>"; };
		937A6EBE2670C5AE0015E5EE /* SceneDelegate.swift */ = {isa = PBXFileReference; lastKnownFileType = sourcecode.swift; path = SceneDelegate.swift; sourceTree = "<group>"; };
		937A6EC02670C5AE0015E5EE /* ConversationsViewController.swift */ = {isa = PBXFileReference; lastKnownFileType = sourcecode.swift; path = ConversationsViewController.swift; sourceTree = "<group>"; };
		937A6EC32670C5AE0015E5EE /* Base */ = {isa = PBXFileReference; lastKnownFileType = file.storyboard; name = Base; path = Base.lproj/Main.storyboard; sourceTree = "<group>"; };
		937A6EC52670C5B10015E5EE /* Assets.xcassets */ = {isa = PBXFileReference; lastKnownFileType = folder.assetcatalog; path = Assets.xcassets; sourceTree = "<group>"; };
		937A6EC82670C5B10015E5EE /* Base */ = {isa = PBXFileReference; lastKnownFileType = file.storyboard; name = Base; path = Base.lproj/LaunchScreen.storyboard; sourceTree = "<group>"; };
		937A6ECA2670C5B10015E5EE /* Info.plist */ = {isa = PBXFileReference; lastKnownFileType = text.plist.xml; path = Info.plist; sourceTree = "<group>"; };
		937A6ED72670C9220015E5EE /* LoginViewController.swift */ = {isa = PBXFileReference; lastKnownFileType = sourcecode.swift; path = LoginViewController.swift; sourceTree = "<group>"; };
		937A6ED92670C9340015E5EE /* RegisterViewController.swift */ = {isa = PBXFileReference; lastKnownFileType = sourcecode.swift; path = RegisterViewController.swift; sourceTree = "<group>"; };
		937A6EDB2670C9540015E5EE /* PhotoViewerViewController.swift */ = {isa = PBXFileReference; lastKnownFileType = sourcecode.swift; path = PhotoViewerViewController.swift; sourceTree = "<group>"; };
		937A6EDD2670C9640015E5EE /* VideoPlayerViewController.swift */ = {isa = PBXFileReference; lastKnownFileType = sourcecode.swift; path = VideoPlayerViewController.swift; sourceTree = "<group>"; };
		937A6EDF2670C97F0015E5EE /* NewConversationViewController.swift */ = {isa = PBXFileReference; lastKnownFileType = sourcecode.swift; path = NewConversationViewController.swift; sourceTree = "<group>"; };
		937A6EE12670C9900015E5EE /* ProfileViewController.swift */ = {isa = PBXFileReference; lastKnownFileType = sourcecode.swift; path = ProfileViewController.swift; sourceTree = "<group>"; };
		93C3CAA6267321DB000D9258 /* GoogleService-Info.plist */ = {isa = PBXFileReference; fileEncoding = 4; lastKnownFileType = text.plist.xml; name = "GoogleService-Info.plist"; path = "../../../../Downloads/GoogleService-Info.plist"; sourceTree = "<group>"; };
		93C3CAA826734781000D9258 /* DatabaseManager.swift */ = {isa = PBXFileReference; lastKnownFileType = sourcecode.swift; path = DatabaseManager.swift; sourceTree = "<group>"; };
		9ECA4AFD0C523D92E3CA4233 /* Pods_Messenger.framework */ = {isa = PBXFileReference; explicitFileType = wrapper.framework; includeInIndex = 0; path = Pods_Messenger.framework; sourceTree = BUILT_PRODUCTS_DIR; };
		D4A26E2FB6B48D3E2565E409 /* Pods-Messenger.release.xcconfig */ = {isa = PBXFileReference; includeInIndex = 1; lastKnownFileType = text.xcconfig; name = "Pods-Messenger.release.xcconfig"; path = "Target Support Files/Pods-Messenger/Pods-Messenger.release.xcconfig"; sourceTree = "<group>"; };
/* End PBXFileReference section */

/* Begin PBXFrameworksBuildPhase section */
		937A6EB62670C5AE0015E5EE /* Frameworks */ = {
			isa = PBXFrameworksBuildPhase;
			buildActionMask = 2147483647;
			files = (
				CBCF0DB96FAF89CDD758A6E2 /* Pods_Messenger.framework in Frameworks */,
			);
			runOnlyForDeploymentPostprocessing = 0;
		};
/* End PBXFrameworksBuildPhase section */

/* Begin PBXGroup section */
		935C794E2671FCFC00005E6E /* Login */ = {
			isa = PBXGroup;
			children = (
				937A6ED72670C9220015E5EE /* LoginViewController.swift */,
				937A6ED92670C9340015E5EE /* RegisterViewController.swift */,
			);
			path = Login;
			sourceTree = "<group>";
		};
		937A6EB02670C5AD0015E5EE = {
			isa = PBXGroup;
			children = (
				937A6EBB2670C5AE0015E5EE /* Messenger */,
				937A6EBA2670C5AE0015E5EE /* Products */,
				9BB5DC1081C9C520D497D7F6 /* Pods */,
				F25771E86D37A53B1FD9E306 /* Frameworks */,
			);
			sourceTree = "<group>";
		};
		937A6EBA2670C5AE0015E5EE /* Products */ = {
			isa = PBXGroup;
			children = (
				937A6EB92670C5AE0015E5EE /* Messenger.app */,
			);
			name = Products;
			sourceTree = "<group>";
		};
		937A6EBB2670C5AE0015E5EE /* Messenger */ = {
			isa = PBXGroup;
			children = (
				93C3CAA6267321DB000D9258 /* GoogleService-Info.plist */,
				937A6ED52670C7630015E5EE /* Resources */,
				937A6ED42670C7490015E5EE /* ViewModels */,
				937A6ED32670C73C0015E5EE /* Models */,
				937A6ED12670C71A0015E5EE /* Views */,
				937A6ED02670C70A0015E5EE /* Controllers */,
				937A6ECA2670C5B10015E5EE /* Info.plist */,
			);
			path = Messenger;
			sourceTree = "<group>";
		};
		937A6ED02670C70A0015E5EE /* Controllers */ = {
			isa = PBXGroup;
			children = (
				937A6EC02670C5AE0015E5EE /* ConversationsViewController.swift */,
				935C794E2671FCFC00005E6E /* Login */,
				937A6EDB2670C9540015E5EE /* PhotoViewerViewController.swift */,
				937A6EDD2670C9640015E5EE /* VideoPlayerViewController.swift */,
				937A6EDF2670C97F0015E5EE /* NewConversationViewController.swift */,
				937A6EE12670C9900015E5EE /* ProfileViewController.swift */,
			);
			path = Controllers;
			sourceTree = "<group>";
		};
		937A6ED12670C71A0015E5EE /* Views */ = {
			isa = PBXGroup;
			children = (
				937A6ED62670C7BA0015E5EE /* Storyboards */,
				937A6EC52670C5B10015E5EE /* Assets.xcassets */,
			);
			path = Views;
			sourceTree = "<group>";
		};
		937A6ED32670C73C0015E5EE /* Models */ = {
			isa = PBXGroup;
			children = (
			);
			path = Models;
			sourceTree = "<group>";
		};
		937A6ED42670C7490015E5EE /* ViewModels */ = {
			isa = PBXGroup;
			children = (
			);
			path = ViewModels;
			sourceTree = "<group>";
		};
		937A6ED52670C7630015E5EE /* Resources */ = {
			isa = PBXGroup;
			children = (
				937A6EBC2670C5AE0015E5EE /* AppDelegate.swift */,
				937A6EBE2670C5AE0015E5EE /* SceneDelegate.swift */,
				935C794F26720B5200005E6E /* Extensions.swift */,
				93C3CAA826734781000D9258 /* DatabaseManager.swift */,
			);
			path = Resources;
			sourceTree = "<group>";
		};
		937A6ED62670C7BA0015E5EE /* Storyboards */ = {
			isa = PBXGroup;
			children = (
				937A6EC22670C5AE0015E5EE /* Main.storyboard */,
				937A6EC72670C5B10015E5EE /* LaunchScreen.storyboard */,
			);
			path = Storyboards;
			sourceTree = "<group>";
		};
		9BB5DC1081C9C520D497D7F6 /* Pods */ = {
			isa = PBXGroup;
			children = (
				89D657E052B956469330743C /* Pods-Messenger.debug.xcconfig */,
				D4A26E2FB6B48D3E2565E409 /* Pods-Messenger.release.xcconfig */,
			);
			path = Pods;
			sourceTree = "<group>";
		};
		F25771E86D37A53B1FD9E306 /* Frameworks */ = {
			isa = PBXGroup;
			children = (
				9ECA4AFD0C523D92E3CA4233 /* Pods_Messenger.framework */,
			);
			name = Frameworks;
			sourceTree = "<group>";
		};
/* End PBXGroup section */

/* Begin PBXNativeTarget section */
		937A6EB82670C5AE0015E5EE /* Messenger */ = {
			isa = PBXNativeTarget;
			buildConfigurationList = 937A6ECD2670C5B10015E5EE /* Build configuration list for PBXNativeTarget "Messenger" */;
			buildPhases = (
				EF81AEB503241CA7A0A672BB /* [CP] Check Pods Manifest.lock */,
				937A6EB52670C5AE0015E5EE /* Sources */,
				937A6EB62670C5AE0015E5EE /* Frameworks */,
				937A6EB72670C5AE0015E5EE /* Resources */,
				F17EBF6876F083021C3C9215 /* [CP] Embed Pods Frameworks */,
			);
			buildRules = (
			);
			dependencies = (
			);
			name = Messenger;
			productName = Messenger;
			productReference = 937A6EB92670C5AE0015E5EE /* Messenger.app */;
			productType = "com.apple.product-type.application";
		};
/* End PBXNativeTarget section */

/* Begin PBXProject section */
		937A6EB12670C5AD0015E5EE /* Project object */ = {
			isa = PBXProject;
			attributes = {
				LastSwiftUpdateCheck = 1250;
				LastUpgradeCheck = 1250;
				TargetAttributes = {
					937A6EB82670C5AE0015E5EE = {
						CreatedOnToolsVersion = 12.5;
					};
				};
			};
			buildConfigurationList = 937A6EB42670C5AD0015E5EE /* Build configuration list for PBXProject "Messenger" */;
			compatibilityVersion = "Xcode 9.3";
			developmentRegion = en;
			hasScannedForEncodings = 0;
			knownRegions = (
				en,
				Base,
			);
			mainGroup = 937A6EB02670C5AD0015E5EE;
			productRefGroup = 937A6EBA2670C5AE0015E5EE /* Products */;
			projectDirPath = "";
			projectRoot = "";
			targets = (
				937A6EB82670C5AE0015E5EE /* Messenger */,
			);
		};
/* End PBXProject section */

/* Begin PBXResourcesBuildPhase section */
		937A6EB72670C5AE0015E5EE /* Resources */ = {
			isa = PBXResourcesBuildPhase;
			buildActionMask = 2147483647;
			files = (
				937A6EC92670C5B10015E5EE /* LaunchScreen.storyboard in Resources */,
				93C3CAA7267321DB000D9258 /* GoogleService-Info.plist in Resources */,
				937A6EC62670C5B10015E5EE /* Assets.xcassets in Resources */,
				937A6EC42670C5AE0015E5EE /* Main.storyboard in Resources */,
			);
			runOnlyForDeploymentPostprocessing = 0;
		};
/* End PBXResourcesBuildPhase section */

/* Begin PBXShellScriptBuildPhase section */
		EF81AEB503241CA7A0A672BB /* [CP] Check Pods Manifest.lock */ = {
			isa = PBXShellScriptBuildPhase;
			buildActionMask = 2147483647;
			files = (
			);
			inputFileListPaths = (
			);
			inputPaths = (
				"${PODS_PODFILE_DIR_PATH}/Podfile.lock",
				"${PODS_ROOT}/Manifest.lock",
			);
			name = "[CP] Check Pods Manifest.lock";
			outputFileListPaths = (
			);
			outputPaths = (
				"$(DERIVED_FILE_DIR)/Pods-Messenger-checkManifestLockResult.txt",
			);
			runOnlyForDeploymentPostprocessing = 0;
			shellPath = /bin/sh;
			shellScript = "diff \"${PODS_PODFILE_DIR_PATH}/Podfile.lock\" \"${PODS_ROOT}/Manifest.lock\" > /dev/null\nif [ $? != 0 ] ; then\n    # print error to STDERR\n    echo \"error: The sandbox is not in sync with the Podfile.lock. Run 'pod install' or update your CocoaPods installation.\" >&2\n    exit 1\nfi\n# This output is used by Xcode 'outputs' to avoid re-running this script phase.\necho \"SUCCESS\" > \"${SCRIPT_OUTPUT_FILE_0}\"\n";
			showEnvVarsInLog = 0;
		};
		F17EBF6876F083021C3C9215 /* [CP] Embed Pods Frameworks */ = {
			isa = PBXShellScriptBuildPhase;
			buildActionMask = 2147483647;
			files = (
			);
			inputFileListPaths = (
				"${PODS_ROOT}/Target Support Files/Pods-Messenger/Pods-Messenger-frameworks-${CONFIGURATION}-input-files.xcfilelist",
			);
			name = "[CP] Embed Pods Frameworks";
			outputFileListPaths = (
				"${PODS_ROOT}/Target Support Files/Pods-Messenger/Pods-Messenger-frameworks-${CONFIGURATION}-output-files.xcfilelist",
			);
			runOnlyForDeploymentPostprocessing = 0;
			shellPath = /bin/sh;
			shellScript = "\"${PODS_ROOT}/Target Support Files/Pods-Messenger/Pods-Messenger-frameworks.sh\"\n";
			showEnvVarsInLog = 0;
		};
/* End PBXShellScriptBuildPhase section */

/* Begin PBXSourcesBuildPhase section */
		937A6EB52670C5AE0015E5EE /* Sources */ = {
			isa = PBXSourcesBuildPhase;
			buildActionMask = 2147483647;
			files = (
				937A6ED82670C9220015E5EE /* LoginViewController.swift in Sources */,
				93C3CAA926734781000D9258 /* DatabaseManager.swift in Sources */,
				937A6EDA2670C9340015E5EE /* RegisterViewController.swift in Sources */,
				937A6EE02670C97F0015E5EE /* NewConversationViewController.swift in Sources */,
				937A6EC12670C5AE0015E5EE /* ConversationsViewController.swift in Sources */,
				937A6EDE2670C9640015E5EE /* VideoPlayerViewController.swift in Sources */,
				935C795026720B5200005E6E /* Extensions.swift in Sources */,
				937A6EBD2670C5AE0015E5EE /* AppDelegate.swift in Sources */,
				937A6EE22670C9900015E5EE /* ProfileViewController.swift in Sources */,
				937A6EBF2670C5AE0015E5EE /* SceneDelegate.swift in Sources */,
				937A6EDC2670C9540015E5EE /* PhotoViewerViewController.swift in Sources */,
			);
			runOnlyForDeploymentPostprocessing = 0;
		};
/* End PBXSourcesBuildPhase section */

/* Begin PBXVariantGroup section */
		937A6EC22670C5AE0015E5EE /* Main.storyboard */ = {
			isa = PBXVariantGroup;
			children = (
				937A6EC32670C5AE0015E5EE /* Base */,
			);
			name = Main.storyboard;
			sourceTree = "<group>";
		};
		937A6EC72670C5B10015E5EE /* LaunchScreen.storyboard */ = {
			isa = PBXVariantGroup;
			children = (
				937A6EC82670C5B10015E5EE /* Base */,
			);
			name = LaunchScreen.storyboard;
			sourceTree = "<group>";
		};
/* End PBXVariantGroup section */

/* Begin XCBuildConfiguration section */
		937A6ECB2670C5B10015E5EE /* Debug */ = {
			isa = XCBuildConfiguration;
			buildSettings = {
				ALWAYS_SEARCH_USER_PATHS = NO;
				CLANG_ANALYZER_NONNULL = YES;
				CLANG_ANALYZER_NUMBER_OBJECT_CONVERSION = YES_AGGRESSIVE;
				CLANG_CXX_LANGUAGE_STANDARD = "gnu++14";
				CLANG_CXX_LIBRARY = "libc++";
				CLANG_ENABLE_MODULES = YES;
				CLANG_ENABLE_OBJC_ARC = YES;
				CLANG_ENABLE_OBJC_WEAK = YES;
				CLANG_WARN_BLOCK_CAPTURE_AUTORELEASING = YES;
				CLANG_WARN_BOOL_CONVERSION = YES;
				CLANG_WARN_COMMA = YES;
				CLANG_WARN_CONSTANT_CONVERSION = YES;
				CLANG_WARN_DEPRECATED_OBJC_IMPLEMENTATIONS = YES;
				CLANG_WARN_DIRECT_OBJC_ISA_USAGE = YES_ERROR;
				CLANG_WARN_DOCUMENTATION_COMMENTS = YES;
				CLANG_WARN_EMPTY_BODY = YES;
				CLANG_WARN_ENUM_CONVERSION = YES;
				CLANG_WARN_INFINITE_RECURSION = YES;
				CLANG_WARN_INT_CONVERSION = YES;
				CLANG_WARN_NON_LITERAL_NULL_CONVERSION = YES;
				CLANG_WARN_OBJC_IMPLICIT_RETAIN_SELF = YES;
				CLANG_WARN_OBJC_LITERAL_CONVERSION = YES;
				CLANG_WARN_OBJC_ROOT_CLASS = YES_ERROR;
				CLANG_WARN_QUOTED_INCLUDE_IN_FRAMEWORK_HEADER = YES;
				CLANG_WARN_RANGE_LOOP_ANALYSIS = YES;
				CLANG_WARN_STRICT_PROTOTYPES = YES;
				CLANG_WARN_SUSPICIOUS_MOVE = YES;
				CLANG_WARN_UNGUARDED_AVAILABILITY = YES_AGGRESSIVE;
				CLANG_WARN_UNREACHABLE_CODE = YES;
				CLANG_WARN__DUPLICATE_METHOD_MATCH = YES;
				COPY_PHASE_STRIP = NO;
				DEBUG_INFORMATION_FORMAT = dwarf;
				ENABLE_STRICT_OBJC_MSGSEND = YES;
				ENABLE_TESTABILITY = YES;
				GCC_C_LANGUAGE_STANDARD = gnu11;
				GCC_DYNAMIC_NO_PIC = NO;
				GCC_NO_COMMON_BLOCKS = YES;
				GCC_OPTIMIZATION_LEVEL = 0;
				GCC_PREPROCESSOR_DEFINITIONS = (
					"DEBUG=1",
					"$(inherited)",
				);
				GCC_WARN_64_TO_32_BIT_CONVERSION = YES;
				GCC_WARN_ABOUT_RETURN_TYPE = YES_ERROR;
				GCC_WARN_UNDECLARED_SELECTOR = YES;
				GCC_WARN_UNINITIALIZED_AUTOS = YES_AGGRESSIVE;
				GCC_WARN_UNUSED_FUNCTION = YES;
				GCC_WARN_UNUSED_VARIABLE = YES;
				IPHONEOS_DEPLOYMENT_TARGET = 14.5;
				MTL_ENABLE_DEBUG_INFO = INCLUDE_SOURCE;
				MTL_FAST_MATH = YES;
				ONLY_ACTIVE_ARCH = YES;
				SDKROOT = iphoneos;
				SWIFT_ACTIVE_COMPILATION_CONDITIONS = DEBUG;
				SWIFT_OPTIMIZATION_LEVEL = "-Onone";
			};
			name = Debug;
		};
		937A6ECC2670C5B10015E5EE /* Release */ = {
			isa = XCBuildConfiguration;
			buildSettings = {
				ALWAYS_SEARCH_USER_PATHS = NO;
				CLANG_ANALYZER_NONNULL = YES;
				CLANG_ANALYZER_NUMBER_OBJECT_CONVERSION = YES_AGGRESSIVE;
				CLANG_CXX_LANGUAGE_STANDARD = "gnu++14";
				CLANG_CXX_LIBRARY = "libc++";
				CLANG_ENABLE_MODULES = YES;
				CLANG_ENABLE_OBJC_ARC = YES;
				CLANG_ENABLE_OBJC_WEAK = YES;
				CLANG_WARN_BLOCK_CAPTURE_AUTORELEASING = YES;
				CLANG_WARN_BOOL_CONVERSION = YES;
				CLANG_WARN_COMMA = YES;
				CLANG_WARN_CONSTANT_CONVERSION = YES;
				CLANG_WARN_DEPRECATED_OBJC_IMPLEMENTATIONS = YES;
				CLANG_WARN_DIRECT_OBJC_ISA_USAGE = YES_ERROR;
				CLANG_WARN_DOCUMENTATION_COMMENTS = YES;
				CLANG_WARN_EMPTY_BODY = YES;
				CLANG_WARN_ENUM_CONVERSION = YES;
				CLANG_WARN_INFINITE_RECURSION = YES;
				CLANG_WARN_INT_CONVERSION = YES;
				CLANG_WARN_NON_LITERAL_NULL_CONVERSION = YES;
				CLANG_WARN_OBJC_IMPLICIT_RETAIN_SELF = YES;
				CLANG_WARN_OBJC_LITERAL_CONVERSION = YES;
				CLANG_WARN_OBJC_ROOT_CLASS = YES_ERROR;
				CLANG_WARN_QUOTED_INCLUDE_IN_FRAMEWORK_HEADER = YES;
				CLANG_WARN_RANGE_LOOP_ANALYSIS = YES;
				CLANG_WARN_STRICT_PROTOTYPES = YES;
				CLANG_WARN_SUSPICIOUS_MOVE = YES;
				CLANG_WARN_UNGUARDED_AVAILABILITY = YES_AGGRESSIVE;
				CLANG_WARN_UNREACHABLE_CODE = YES;
				CLANG_WARN__DUPLICATE_METHOD_MATCH = YES;
				COPY_PHASE_STRIP = NO;
				DEBUG_INFORMATION_FORMAT = "dwarf-with-dsym";
				ENABLE_NS_ASSERTIONS = NO;
				ENABLE_STRICT_OBJC_MSGSEND = YES;
				GCC_C_LANGUAGE_STANDARD = gnu11;
				GCC_NO_COMMON_BLOCKS = YES;
				GCC_WARN_64_TO_32_BIT_CONVERSION = YES;
				GCC_WARN_ABOUT_RETURN_TYPE = YES_ERROR;
				GCC_WARN_UNDECLARED_SELECTOR = YES;
				GCC_WARN_UNINITIALIZED_AUTOS = YES_AGGRESSIVE;
				GCC_WARN_UNUSED_FUNCTION = YES;
				GCC_WARN_UNUSED_VARIABLE = YES;
				IPHONEOS_DEPLOYMENT_TARGET = 14.5;
				MTL_ENABLE_DEBUG_INFO = NO;
				MTL_FAST_MATH = YES;
				SDKROOT = iphoneos;
				SWIFT_COMPILATION_MODE = wholemodule;
				SWIFT_OPTIMIZATION_LEVEL = "-O";
				VALIDATE_PRODUCT = YES;
			};
			name = Release;
		};
		937A6ECE2670C5B10015E5EE /* Debug */ = {
			isa = XCBuildConfiguration;
			baseConfigurationReference = 89D657E052B956469330743C /* Pods-Messenger.debug.xcconfig */;
			buildSettings = {
				ASSETCATALOG_COMPILER_APPICON_NAME = AppIcon;
				ASSETCATALOG_COMPILER_GLOBAL_ACCENT_COLOR_NAME = AccentColor;
				CODE_SIGN_STYLE = Automatic;
				INFOPLIST_FILE = Messenger/Info.plist;
				IPHONEOS_DEPLOYMENT_TARGET = 13.4;
				LD_RUNPATH_SEARCH_PATHS = (
					"$(inherited)",
					"@executable_path/Frameworks",
				);
				PRODUCT_BUNDLE_IDENTIFIER = chrisswift.Messenger;
				PRODUCT_NAME = "$(TARGET_NAME)";
				SWIFT_VERSION = 5.0;
				TARGETED_DEVICE_FAMILY = "1,2";
			};
			name = Debug;
		};
		937A6ECF2670C5B10015E5EE /* Release */ = {
			isa = XCBuildConfiguration;
			baseConfigurationReference = D4A26E2FB6B48D3E2565E409 /* Pods-Messenger.release.xcconfig */;
			buildSettings = {
				ASSETCATALOG_COMPILER_APPICON_NAME = AppIcon;
				ASSETCATALOG_COMPILER_GLOBAL_ACCENT_COLOR_NAME = AccentColor;
				CODE_SIGN_STYLE = Automatic;
				INFOPLIST_FILE = Messenger/Info.plist;
				IPHONEOS_DEPLOYMENT_TARGET = 13.4;
				LD_RUNPATH_SEARCH_PATHS = (
					"$(inherited)",
					"@executable_path/Frameworks",
				);
				PRODUCT_BUNDLE_IDENTIFIER = chrisswift.Messenger;
				PRODUCT_NAME = "$(TARGET_NAME)";
				SWIFT_VERSION = 5.0;
				TARGETED_DEVICE_FAMILY = "1,2";
			};
			name = Release;
		};
/* End XCBuildConfiguration section */

/* Begin XCConfigurationList section */
		937A6EB42670C5AD0015E5EE /* Build configuration list for PBXProject "Messenger" */ = {
			isa = XCConfigurationList;
			buildConfigurations = (
				937A6ECB2670C5B10015E5EE /* Debug */,
				937A6ECC2670C5B10015E5EE /* Release */,
			);
			defaultConfigurationIsVisible = 0;
			defaultConfigurationName = Release;
		};
		937A6ECD2670C5B10015E5EE /* Build configuration list for PBXNativeTarget "Messenger" */ = {
			isa = XCConfigurationList;
			buildConfigurations = (
				937A6ECE2670C5B10015E5EE /* Debug */,
				937A6ECF2670C5B10015E5EE /* Release */,
			);
			defaultConfigurationIsVisible = 0;
			defaultConfigurationName = Release;
		};
/* End XCConfigurationList section */
	};
	rootObject = 937A6EB12670C5AD0015E5EE /* Project object */;
}
